github.com/razonyang/hugo-mod-icons v0.2.0 h1:xEeFV2bZnimG5KH+l0yWWYtq9doJODBM/IpX6DVB8xY=
github.com/razonyang/hugo-mod-icons v0.2.0/go.mod h1:4atUyrOOKz1CnywT6qdUy3KoK4hcsM/JnS/EvqDWgnY=
github.com/twbs/icons v1.10.3 h1:8i0wcDkk04KXd2ofLtMHUERkA5OkrpAzDyBVv/PJaL0=
github.com/twbs/icons v1.10.3/go.mod h1:GnRlymgVWp5iVJCMa0Me5b6tFyGpVc2bSxPMRGIJmyA=
