github.com/hugomods/icons v0.6.0 h1:G6RU93okhPPRDh/jqcew9gwkcYpSpg0rCBv4S6yUAFw=
github.com/hugomods/icons v0.6.0/go.mod h1:cIkSvK6W0q6N4U6n9KGz+QfRWQXAW0INd+1P31gPNGg=
github.com/krisk/Fuse v6.6.2+incompatible h1:laigOpZFs/xUi9zGjVu5t19bcvzRVufoXCnPSgQZmYI=
github.com/krisk/Fuse v6.6.2+incompatible/go.mod h1:3moWv8rDjwoKic9nwiPLgZjldkbdTAbtzJHCu/Vsj4A=
github.com/twbs/icons v1.10.3 h1:8i0wcDkk04KXd2ofLtMHUERkA5OkrpAzDyBVv/PJaL0=
github.com/twbs/icons v1.10.3/go.mod h1:GnRlymgVWp5iVJCMa0Me5b6tFyGpVc2bSxPMRGIJmyA=
